// !$*UTF8*$!
{
	archiveVersion = 1;
	classes = {
	};
	objectVersion = 77;
	objects = {

/* Begin PBXBuildFile section */
		0022AC2A00A06E2D79D47437 /* MediaImportServiceTests.swift in Sources */ = {isa = PBXBuildFile; fileRef = BFA6D93F77875E5653F6D912 /* MediaImportServiceTests.swift */; };
		1164A1DBF1346EFDAD29A93B /* ProjectModels.swift in Sources */ = {isa = PBXBuildFile; fileRef = F463380033C18FA887156F2C /* ProjectModels.swift */; };
		1689C5BFCEB43F667A8AEC0F /* MediaSourceResolver.swift in Sources */ = {isa = PBXBuildFile; fileRef = 7A7CA94D51605B268C30A85A /* MediaSourceResolver.swift */; };
		21097EC2A559C7ABF3E24F52 /* BeatAnalysisServiceTests.swift in Sources */ = {isa = PBXBuildFile; fileRef = BCBF9EDCDB6B49237E260076 /* BeatAnalysisServiceTests.swift */; };
		22B595953AF65F4E32D52471 /* BeatWeaveDocument.swift in Sources */ = {isa = PBXBuildFile; fileRef = C8B8D5685331B312A3513527 /* BeatWeaveDocument.swift */; };
		2F19C3A0584BEB70BE62DE87 /* BeatAnalysisDSPTests.swift in Sources */ = {isa = PBXBuildFile; fileRef = F2313D304382695BB2276B78 /* BeatAnalysisDSPTests.swift */; };
		30AE1CD8085FB3AA43A7893B /* BeatAnalysisDSP.swift in Sources */ = {isa = PBXBuildFile; fileRef = EF44D28F501AEFFFEFA6342B /* BeatAnalysisDSP.swift */; };
		33996DD5851A852DEC764F74 /* ProjectCodec.swift in Sources */ = {isa = PBXBuildFile; fileRef = 63B1E6FEE8009F8DF5FDCBCC /* ProjectCodec.swift */; };
		37131D76C1FAB12CEAF1392C /* BeatAnalysisModel.swift in Sources */ = {isa = PBXBuildFile; fileRef = FC6B7EE48901964E0B4AC876 /* BeatAnalysisModel.swift */; };
		38DDF5A4392D7D743B7D9E3E /* ProjectEditorView.swift in Sources */ = {isa = PBXBuildFile; fileRef = 92AF823696F7F7B5463406E2 /* ProjectEditorView.swift */; };
		626D556ACABB31A80224B095 /* BeatAnalysisService.swift in Sources */ = {isa = PBXBuildFile; fileRef = DB73E889A9857D37C40CED88 /* BeatAnalysisService.swift */; };
		64C9E8ABF554455B4CC0F721 /* TimelineEngineTests.swift in Sources */ = {isa = PBXBuildFile; fileRef = 381A30C7AAAEF00F15E71A61 /* TimelineEngineTests.swift */; };
		67833CE29A7F09C1A78D0DB5 /* WaveformServiceTests.swift in Sources */ = {isa = PBXBuildFile; fileRef = 85AD6EDCD49343EB2D67EF5A /* WaveformServiceTests.swift */; };
		6F47476E6C053F21BB58E962 /* TimelineEditorModel.swift in Sources */ = {isa = PBXBuildFile; fileRef = 34A9DE88A3C1B7D1CF630AAC /* TimelineEditorModel.swift */; };
		7EB2B81252EE2B04761A307F /* MediaLibraryEditor.swift in Sources */ = {isa = PBXBuildFile; fileRef = 3AEBA8E88C10D3F5C2A465D2 /* MediaLibraryEditor.swift */; };
		8E3FF672E5612F7E3633B064 /* WaveformService.swift in Sources */ = {isa = PBXBuildFile; fileRef = 1CCC84DFA8C41DA7ADB1F11E /* WaveformService.swift */; };
		9BAA0386E2D24F4C83A0071C /* PlaybackService.swift in Sources */ = {isa = PBXBuildFile; fileRef = DFFF72B7777FDD6F4D859CB6 /* PlaybackService.swift */; };
		9D72F0BEFAA457D824475D21 /* MediaLibraryEditorTests.swift in Sources */ = {isa = PBXBuildFile; fileRef = 13EE663ABAF84FCCD6C8200E /* MediaLibraryEditorTests.swift */; };
		9DA0721AA05F7F7B423BED32 /* TimelineEditorView.swift in Sources */ = {isa = PBXBuildFile; fileRef = B10EF7BD0FD4DDD2CA1779BA /* TimelineEditorView.swift */; };
		AAC90F41EF41ECE6E47E0AE6 /* ProjectPackage.swift in Sources */ = {isa = PBXBuildFile; fileRef = BE6F42D282161B2AD8D42EB1 /* ProjectPackage.swift */; };
		ACF17BBB1B93279D32CB3759 /* TimelineEngine.swift in Sources */ = {isa = PBXBuildFile; fileRef = A013ECBF797103856FDCA4DE /* TimelineEngine.swift */; };
		BB07E17C8D120B184AD362B0 /* MediaBrowserModel.swift in Sources */ = {isa = PBXBuildFile; fileRef = F586952C78AABC6C27F5A9EC /* MediaBrowserModel.swift */; };
		BB0C197811077DFF5F325374 /* MediaBrowserView.swift in Sources */ = {isa = PBXBuildFile; fileRef = 506C75F64E1F01D03BA5F7E1 /* MediaBrowserView.swift */; };
		BDB36E0C49B44E2E457FD794 /* BeatWeaveApp.swift in Sources */ = {isa = PBXBuildFile; fileRef = 611BD4A23FCFA669B3884C17 /* BeatWeaveApp.swift */; };
		BEBADF7121BA66F7AA6F8408 /* MediaImportService.swift in Sources */ = {isa = PBXBuildFile; fileRef = 52861946BF4A17382773693F /* MediaImportService.swift */; };
		BED3722D30B7F4084314F1CF /* WaveformCache.swift in Sources */ = {isa = PBXBuildFile; fileRef = 0F231267CD3862AB2F5421F7 /* WaveformCache.swift */; };
		C70AC17A8D22D9167F3C0C7C /* ProjectPackageTests.swift in Sources */ = {isa = PBXBuildFile; fileRef = 4A1B718D92E1C814C77DA2FF /* ProjectPackageTests.swift */; };
		C8631406B7326CA2A82A5AE6 /* ViewerView.swift in Sources */ = {isa = PBXBuildFile; fileRef = D32197655EB1DB331AE31072 /* ViewerView.swift */; };
		E1193852FC703DEEC0C1F7B9 /* WaveformTimelineView.swift in Sources */ = {isa = PBXBuildFile; fileRef = ED50C8DEEA618E44CCB31C85 /* WaveformTimelineView.swift */; };
		E32EF76E089970A2D24F8A3B /* WaveformModel.swift in Sources */ = {isa = PBXBuildFile; fileRef = E315DF24DB2D5B0C6675F9BC /* WaveformModel.swift */; };
		E4F2C8C3FE297666CEC9E28B /* ProjectCodecTests.swift in Sources */ = {isa = PBXBuildFile; fileRef = 8D3330DEEF59DA038A08E208 /* ProjectCodecTests.swift */; };
		ED111B20D95075282318E8F8 /* ThumbnailService.swift in Sources */ = {isa = PBXBuildFile; fileRef = F5BE59067415F0CC4E004758 /* ThumbnailService.swift */; };
/* End PBXBuildFile section */

/* Begin PBXContainerItemProxy section */
		59134E72BAC58EFDAF1C23F5 /* PBXContainerItemProxy */ = {
			isa = PBXContainerItemProxy;
			containerPortal = 04ED86217EFEFF0C22CA32BE /* Project object */;
			proxyType = 1;
			remoteGlobalIDString = 34CB2521E754B6947DB429DB;
			remoteInfo = BeatWeave;
		};
/* End PBXContainerItemProxy section */

/* Begin PBXFileReference section */
		0F231267CD3862AB2F5421F7 /* WaveformCache.swift */ = {isa = PBXFileReference; lastKnownFileType = sourcecode.swift; path = WaveformCache.swift; sourceTree = "<group>"; };
		13EE663ABAF84FCCD6C8200E /* MediaLibraryEditorTests.swift */ = {isa = PBXFileReference; lastKnownFileType = sourcecode.swift; path = MediaLibraryEditorTests.swift; sourceTree = "<group>"; };
		1CCC84DFA8C41DA7ADB1F11E /* WaveformService.swift */ = {isa = PBXFileReference; lastKnownFileType = sourcecode.swift; path = WaveformService.swift; sourceTree = "<group>"; };
		34A9DE88A3C1B7D1CF630AAC /* TimelineEditorModel.swift */ = {isa = PBXFileReference; lastKnownFileType = sourcecode.swift; path = TimelineEditorModel.swift; sourceTree = "<group>"; };
		381A30C7AAAEF00F15E71A61 /* TimelineEngineTests.swift */ = {isa = PBXFileReference; lastKnownFileType = sourcecode.swift; path = TimelineEngineTests.swift; sourceTree = "<group>"; };
		3AEBA8E88C10D3F5C2A465D2 /* MediaLibraryEditor.swift */ = {isa = PBXFileReference; lastKnownFileType = sourcecode.swift; path = MediaLibraryEditor.swift; sourceTree = "<group>"; };
		4A1B718D92E1C814C77DA2FF /* ProjectPackageTests.swift */ = {isa = PBXFileReference; lastKnownFileType = sourcecode.swift; path = ProjectPackageTests.swift; sourceTree = "<group>"; };
		4F49792D503BE8618B6F3248 /* Info.plist */ = {isa = PBXFileReference; lastKnownFileType = text.plist; path = Info.plist; sourceTree = "<group>"; };
		506C75F64E1F01D03BA5F7E1 /* MediaBrowserView.swift */ = {isa = PBXFileReference; lastKnownFileType = sourcecode.swift; path = MediaBrowserView.swift; sourceTree = "<group>"; };
		52861946BF4A17382773693F /* MediaImportService.swift */ = {isa = PBXFileReference; lastKnownFileType = sourcecode.swift; path = MediaImportService.swift; sourceTree = "<group>"; };
		611BD4A23FCFA669B3884C17 /* BeatWeaveApp.swift */ = {isa = PBXFileReference; lastKnownFileType = sourcecode.swift; path = BeatWeaveApp.swift; sourceTree = "<group>"; };
		63B1E6FEE8009F8DF5FDCBCC /* ProjectCodec.swift */ = {isa = PBXFileReference; lastKnownFileType = sourcecode.swift; path = ProjectCodec.swift; sourceTree = "<group>"; };
		7A7CA94D51605B268C30A85A /* MediaSourceResolver.swift */ = {isa = PBXFileReference; lastKnownFileType = sourcecode.swift; path = MediaSourceResolver.swift; sourceTree = "<group>"; };
		7E9C68A9F4A18FCD1DC79E6B /* BeatWeave.entitlements */ = {isa = PBXFileReference; lastKnownFileType = text.plist.entitlements; path = BeatWeave.entitlements; sourceTree = "<group>"; };
		85AD6EDCD49343EB2D67EF5A /* WaveformServiceTests.swift */ = {isa = PBXFileReference; lastKnownFileType = sourcecode.swift; path = WaveformServiceTests.swift; sourceTree = "<group>"; };
		8D3330DEEF59DA038A08E208 /* ProjectCodecTests.swift */ = {isa = PBXFileReference; lastKnownFileType = sourcecode.swift; path = ProjectCodecTests.swift; sourceTree = "<group>"; };
		92AF823696F7F7B5463406E2 /* ProjectEditorView.swift */ = {isa = PBXFileReference; lastKnownFileType = sourcecode.swift; path = ProjectEditorView.swift; sourceTree = "<group>"; };
		A013ECBF797103856FDCA4DE /* TimelineEngine.swift */ = {isa = PBXFileReference; lastKnownFileType = sourcecode.swift; path = TimelineEngine.swift; sourceTree = "<group>"; };
		B10EF7BD0FD4DDD2CA1779BA /* TimelineEditorView.swift */ = {isa = PBXFileReference; lastKnownFileType = sourcecode.swift; path = TimelineEditorView.swift; sourceTree = "<group>"; };
		BCBF9EDCDB6B49237E260076 /* BeatAnalysisServiceTests.swift */ = {isa = PBXFileReference; lastKnownFileType = sourcecode.swift; path = BeatAnalysisServiceTests.swift; sourceTree = "<group>"; };
		BE6F42D282161B2AD8D42EB1 /* ProjectPackage.swift */ = {isa = PBXFileReference; lastKnownFileType = sourcecode.swift; path = ProjectPackage.swift; sourceTree = "<group>"; };
		BFA6D93F77875E5653F6D912 /* MediaImportServiceTests.swift */ = {isa = PBXFileReference; lastKnownFileType = sourcecode.swift; path = MediaImportServiceTests.swift; sourceTree = "<group>"; };
		C8B8D5685331B312A3513527 /* BeatWeaveDocument.swift */ = {isa = PBXFileReference; lastKnownFileType = sourcecode.swift; path = BeatWeaveDocument.swift; sourceTree = "<group>"; };
		D32197655EB1DB331AE31072 /* ViewerView.swift */ = {isa = PBXFileReference; lastKnownFileType = sourcecode.swift; path = ViewerView.swift; sourceTree = "<group>"; };
		DB73E889A9857D37C40CED88 /* BeatAnalysisService.swift */ = {isa = PBXFileReference; lastKnownFileType = sourcecode.swift; path = BeatAnalysisService.swift; sourceTree = "<group>"; };
		DFFF72B7777FDD6F4D859CB6 /* PlaybackService.swift */ = {isa = PBXFileReference; lastKnownFileType = sourcecode.swift; path = PlaybackService.swift; sourceTree = "<group>"; };
		E315DF24DB2D5B0C6675F9BC /* WaveformModel.swift */ = {isa = PBXFileReference; lastKnownFileType = sourcecode.swift; path = WaveformModel.swift; sourceTree = "<group>"; };
		ED50C8DEEA618E44CCB31C85 /* WaveformTimelineView.swift */ = {isa = PBXFileReference; lastKnownFileType = sourcecode.swift; path = WaveformTimelineView.swift; sourceTree = "<group>"; };
		EEF04B90B7D657F945659CE7 /* BeatWeaveTests.xctest */ = {isa = PBXFileReference; explicitFileType = wrapper.cfbundle; includeInIndex = 0; path = BeatWeaveTests.xctest; sourceTree = BUILT_PRODUCTS_DIR; };
		EF44D28F501AEFFFEFA6342B /* BeatAnalysisDSP.swift */ = {isa = PBXFileReference; lastKnownFileType = sourcecode.swift; path = BeatAnalysisDSP.swift; sourceTree = "<group>"; };
		F2313D304382695BB2276B78 /* BeatAnalysisDSPTests.swift */ = {isa = PBXFileReference; lastKnownFileType = sourcecode.swift; path = BeatAnalysisDSPTests.swift; sourceTree = "<group>"; };
		F463380033C18FA887156F2C /* ProjectModels.swift */ = {isa = PBXFileReference; lastKnownFileType = sourcecode.swift; path = ProjectModels.swift; sourceTree = "<group>"; };
		F48592CBDEA91F4598F3737A /* BeatWeave.app */ = {isa = PBXFileReference; explicitFileType = wrapper.application; includeInIndex = 0; path = BeatWeave.app; sourceTree = BUILT_PRODUCTS_DIR; };
		F586952C78AABC6C27F5A9EC /* MediaBrowserModel.swift */ = {isa = PBXFileReference; lastKnownFileType = sourcecode.swift; path = MediaBrowserModel.swift; sourceTree = "<group>"; };
		F5BE59067415F0CC4E004758 /* ThumbnailService.swift */ = {isa = PBXFileReference; lastKnownFileType = sourcecode.swift; path = ThumbnailService.swift; sourceTree = "<group>"; };
		FC6B7EE48901964E0B4AC876 /* BeatAnalysisModel.swift */ = {isa = PBXFileReference; lastKnownFileType = sourcecode.swift; path = BeatAnalysisModel.swift; sourceTree = "<group>"; };
/* End PBXFileReference section */

/* Begin PBXGroup section */
		0F4F56EEC00B0B6CAC990D13 /* BeatWeave */ = {
			isa = PBXGroup;
			children = (
				B162E108C0DA56E9811B2582 /* App */,
				D7BC0241729BF23678DB0D7E /* Domain */,
				48D3FF9FB1AA2F9089CD538F /* Features */,
				4A949B5622B91891E5D513CA /* Services */,
			);
			path = BeatWeave;
			sourceTree = "<group>";
		};
		17EF0DA87F506F00F5541A43 /* Waveform */ = {
			isa = PBXGroup;
			children = (
				E315DF24DB2D5B0C6675F9BC /* WaveformModel.swift */,
				ED50C8DEEA618E44CCB31C85 /* WaveformTimelineView.swift */,
			);
			path = Waveform;
			sourceTree = "<group>";
		};
		25370A447E4D8E2341F64E2E /* Products */ = {
			isa = PBXGroup;
			children = (
				F48592CBDEA91F4598F3737A /* BeatWeave.app */,
				EEF04B90B7D657F945659CE7 /* BeatWeaveTests.xctest */,
			);
			name = Products;
			sourceTree = "<group>";
		};
		26908AB8E05DE51E4432E4DF /* Viewer */ = {
			isa = PBXGroup;
			children = (
				D32197655EB1DB331AE31072 /* ViewerView.swift */,
			);
			path = Viewer;
			sourceTree = "<group>";
		};
		2B4950D6DC0697E5E9D8AE08 /* ProjectEditor */ = {
			isa = PBXGroup;
			children = (
				92AF823696F7F7B5463406E2 /* ProjectEditorView.swift */,
			);
			path = ProjectEditor;
			sourceTree = "<group>";
		};
		48D3FF9FB1AA2F9089CD538F /* Features */ = {
			isa = PBXGroup;
			children = (
				B45FE65733BAC98AAE058D13 /* BeatAnalysis */,
				589B1D3714AFA772F3343959 /* MediaBrowser */,
				2B4950D6DC0697E5E9D8AE08 /* ProjectEditor */,
				C7A6A8C1F2CC963C174B999C /* Timeline */,
				26908AB8E05DE51E4432E4DF /* Viewer */,
				17EF0DA87F506F00F5541A43 /* Waveform */,
			);
			path = Features;
			sourceTree = "<group>";
		};
		4A949B5622B91891E5D513CA /* Services */ = {
			isa = PBXGroup;
			children = (
				F86B8036768041BFE9EE1014 /* Media */,
				DCDFB81CF12BA8C4C35B2D5A /* Playback */,
			);
			path = Services;
			sourceTree = "<group>";
		};
		589B1D3714AFA772F3343959 /* MediaBrowser */ = {
			isa = PBXGroup;
			children = (
				F586952C78AABC6C27F5A9EC /* MediaBrowserModel.swift */,
				506C75F64E1F01D03BA5F7E1 /* MediaBrowserView.swift */,
			);
			path = MediaBrowser;
			sourceTree = "<group>";
		};
		83F30A5E99143E404D215B35 = {
			isa = PBXGroup;
			children = (
				0F4F56EEC00B0B6CAC990D13 /* BeatWeave */,
				D3CB2CBB09BA931A313AE033 /* BeatWeaveTests */,
				25370A447E4D8E2341F64E2E /* Products */,
			);
			sourceTree = "<group>";
		};
		951942016CD6BD7815A2A780 /* Timeline */ = {
			isa = PBXGroup;
			children = (
				A013ECBF797103856FDCA4DE /* TimelineEngine.swift */,
			);
			path = Timeline;
			sourceTree = "<group>";
		};
		9F8666B565AA9B2B599EAADB /* Project */ = {
			isa = PBXGroup;
			children = (
				63B1E6FEE8009F8DF5FDCBCC /* ProjectCodec.swift */,
				F463380033C18FA887156F2C /* ProjectModels.swift */,
				BE6F42D282161B2AD8D42EB1 /* ProjectPackage.swift */,
			);
			path = Project;
			sourceTree = "<group>";
		};
		B162E108C0DA56E9811B2582 /* App */ = {
			isa = PBXGroup;
			children = (
				7E9C68A9F4A18FCD1DC79E6B /* BeatWeave.entitlements */,
				611BD4A23FCFA669B3884C17 /* BeatWeaveApp.swift */,
				C8B8D5685331B312A3513527 /* BeatWeaveDocument.swift */,
				4F49792D503BE8618B6F3248 /* Info.plist */,
			);
			path = App;
			sourceTree = "<group>";
		};
		B2CE0F0D51A58517FB201707 /* Media */ = {
			isa = PBXGroup;
			children = (
				3AEBA8E88C10D3F5C2A465D2 /* MediaLibraryEditor.swift */,
				0F231267CD3862AB2F5421F7 /* WaveformCache.swift */,
			);
			path = Media;
			sourceTree = "<group>";
		};
		B45FE65733BAC98AAE058D13 /* BeatAnalysis */ = {
			isa = PBXGroup;
			children = (
				FC6B7EE48901964E0B4AC876 /* BeatAnalysisModel.swift */,
			);
			path = BeatAnalysis;
			sourceTree = "<group>";
		};
		B6AE317C41619A1663334763 /* BeatAnalysis */ = {
			isa = PBXGroup;
			children = (
				EF44D28F501AEFFFEFA6342B /* BeatAnalysisDSP.swift */,
			);
			path = BeatAnalysis;
			sourceTree = "<group>";
		};
		C7A6A8C1F2CC963C174B999C /* Timeline */ = {
			isa = PBXGroup;
			children = (
				34A9DE88A3C1B7D1CF630AAC /* TimelineEditorModel.swift */,
				B10EF7BD0FD4DDD2CA1779BA /* TimelineEditorView.swift */,
			);
			path = Timeline;
			sourceTree = "<group>";
		};
		D3CB2CBB09BA931A313AE033 /* BeatWeaveTests */ = {
			isa = PBXGroup;
			children = (
				F2313D304382695BB2276B78 /* BeatAnalysisDSPTests.swift */,
				BCBF9EDCDB6B49237E260076 /* BeatAnalysisServiceTests.swift */,
				BFA6D93F77875E5653F6D912 /* MediaImportServiceTests.swift */,
				13EE663ABAF84FCCD6C8200E /* MediaLibraryEditorTests.swift */,
				8D3330DEEF59DA038A08E208 /* ProjectCodecTests.swift */,
				4A1B718D92E1C814C77DA2FF /* ProjectPackageTests.swift */,
				381A30C7AAAEF00F15E71A61 /* TimelineEngineTests.swift */,
				85AD6EDCD49343EB2D67EF5A /* WaveformServiceTests.swift */,
			);
			path = BeatWeaveTests;
			sourceTree = "<group>";
		};
		D7BC0241729BF23678DB0D7E /* Domain */ = {
			isa = PBXGroup;
			children = (
				B6AE317C41619A1663334763 /* BeatAnalysis */,
				B2CE0F0D51A58517FB201707 /* Media */,
				9F8666B565AA9B2B599EAADB /* Project */,
				951942016CD6BD7815A2A780 /* Timeline */,
			);
			path = Domain;
			sourceTree = "<group>";
		};
		DCDFB81CF12BA8C4C35B2D5A /* Playback */ = {
			isa = PBXGroup;
			children = (
				DFFF72B7777FDD6F4D859CB6 /* PlaybackService.swift */,
			);
			path = Playback;
			sourceTree = "<group>";
		};
		F86B8036768041BFE9EE1014 /* Media */ = {
			isa = PBXGroup;
			children = (
				DB73E889A9857D37C40CED88 /* BeatAnalysisService.swift */,
				52861946BF4A17382773693F /* MediaImportService.swift */,
				7A7CA94D51605B268C30A85A /* MediaSourceResolver.swift */,
				F5BE59067415F0CC4E004758 /* ThumbnailService.swift */,
				1CCC84DFA8C41DA7ADB1F11E /* WaveformService.swift */,
			);
			path = Media;
			sourceTree = "<group>";
		};
/* End PBXGroup section */

/* Begin PBXNativeTarget section */
		34CB2521E754B6947DB429DB /* BeatWeave */ = {
			isa = PBXNativeTarget;
			buildConfigurationList = C0570143EA65E88B37C7B2C6 /* Build configuration list for PBXNativeTarget "BeatWeave" */;
			buildPhases = (
				EDECC85E183000E44ABDAD58 /* Sources */,
			);
			buildRules = (
			);
			dependencies = (
			);
			name = BeatWeave;
			packageProductDependencies = (
			);
			productName = BeatWeave;
			productReference = F48592CBDEA91F4598F3737A /* BeatWeave.app */;
			productType = "com.apple.product-type.application";
		};
		E0C0E50307C18C442C99C867 /* BeatWeaveTests */ = {
			isa = PBXNativeTarget;
			buildConfigurationList = 55125D9BD97A94F5E532F6E7 /* Build configuration list for PBXNativeTarget "BeatWeaveTests" */;
			buildPhases = (
				64AE83957D4606E8878ED743 /* Sources */,
			);
			buildRules = (
			);
			dependencies = (
				8323839DA8D95882C74A777B /* PBXTargetDependency */,
			);
			name = BeatWeaveTests;
			packageProductDependencies = (
			);
			productName = BeatWeaveTests;
			productReference = EEF04B90B7D657F945659CE7 /* BeatWeaveTests.xctest */;
			productType = "com.apple.product-type.bundle.unit-test";
		};
/* End PBXNativeTarget section */

/* Begin PBXProject section */
		04ED86217EFEFF0C22CA32BE /* Project object */ = {
			isa = PBXProject;
			attributes = {
				BuildIndependentTargetsInParallel = YES;
				LastUpgradeCheck = 1430;
				TargetAttributes = {
				};
			};
			buildConfigurationList = 382EDF1B04B16A84A6C2AAFB /* Build configuration list for PBXProject "BeatWeave" */;
			developmentRegion = en;
			hasScannedForEncodings = 0;
			knownRegions = (
				Base,
				en,
			);
			mainGroup = 83F30A5E99143E404D215B35;
			minimizedProjectReferenceProxies = 1;
			preferredProjectObjectVersion = 77;
			productRefGroup = 25370A447E4D8E2341F64E2E /* Products */;
			projectDirPath = "";
			projectRoot = "";
			targets = (
				34CB2521E754B6947DB429DB /* BeatWeave */,
				E0C0E50307C18C442C99C867 /* BeatWeaveTests */,
			);
		};
/* End PBXProject section */

/* Begin PBXSourcesBuildPhase section */
		64AE83957D4606E8878ED743 /* Sources */ = {
			isa = PBXSourcesBuildPhase;
			buildActionMask = 2147483647;
			files = (
				2F19C3A0584BEB70BE62DE87 /* BeatAnalysisDSPTests.swift in Sources */,
				21097EC2A559C7ABF3E24F52 /* BeatAnalysisServiceTests.swift in Sources */,
				0022AC2A00A06E2D79D47437 /* MediaImportServiceTests.swift in Sources */,
				9D72F0BEFAA457D824475D21 /* MediaLibraryEditorTests.swift in Sources */,
				E4F2C8C3FE297666CEC9E28B /* ProjectCodecTests.swift in Sources */,
				C70AC17A8D22D9167F3C0C7C /* ProjectPackageTests.swift in Sources */,
				64C9E8ABF554455B4CC0F721 /* TimelineEngineTests.swift in Sources */,
				67833CE29A7F09C1A78D0DB5 /* WaveformServiceTests.swift in Sources */,
			);
			runOnlyForDeploymentPostprocessing = 0;
		};
		EDECC85E183000E44ABDAD58 /* Sources */ = {
			isa = PBXSourcesBuildPhase;
			buildActionMask = 2147483647;
			files = (
				30AE1CD8085FB3AA43A7893B /* BeatAnalysisDSP.swift in Sources */,
				37131D76C1FAB12CEAF1392C /* BeatAnalysisModel.swift in Sources */,
				626D556ACABB31A80224B095 /* BeatAnalysisService.swift in Sources */,
				BDB36E0C49B44E2E457FD794 /* BeatWeaveApp.swift in Sources */,
				22B595953AF65F4E32D52471 /* BeatWeaveDocument.swift in Sources */,
				BB07E17C8D120B184AD362B0 /* MediaBrowserModel.swift in Sources */,
				BB0C197811077DFF5F325374 /* MediaBrowserView.swift in Sources */,
				BEBADF7121BA66F7AA6F8408 /* MediaImportService.swift in Sources */,
				7EB2B81252EE2B04761A307F /* MediaLibraryEditor.swift in Sources */,
				1689C5BFCEB43F667A8AEC0F /* MediaSourceResolver.swift in Sources */,
				9BAA0386E2D24F4C83A0071C /* PlaybackService.swift in Sources */,
				33996DD5851A852DEC764F74 /* ProjectCodec.swift in Sources */,
				38DDF5A4392D7D743B7D9E3E /* ProjectEditorView.swift in Sources */,
				1164A1DBF1346EFDAD29A93B /* ProjectModels.swift in Sources */,
				AAC90F41EF41ECE6E47E0AE6 /* ProjectPackage.swift in Sources */,
				ED111B20D95075282318E8F8 /* ThumbnailService.swift in Sources */,
				6F47476E6C053F21BB58E962 /* TimelineEditorModel.swift in Sources */,
				9DA0721AA05F7F7B423BED32 /* TimelineEditorView.swift in Sources */,
				ACF17BBB1B93279D32CB3759 /* TimelineEngine.swift in Sources */,
				C8631406B7326CA2A82A5AE6 /* ViewerView.swift in Sources */,
				BED3722D30B7F4084314F1CF /* WaveformCache.swift in Sources */,
				E32EF76E089970A2D24F8A3B /* WaveformModel.swift in Sources */,
				8E3FF672E5612F7E3633B064 /* WaveformService.swift in Sources */,
				E1193852FC703DEEC0C1F7B9 /* WaveformTimelineView.swift in Sources */,
			);
			runOnlyForDeploymentPostprocessing = 0;
		};
/* End PBXSourcesBuildPhase section */

/* Begin PBXTargetDependency section */
		8323839DA8D95882C74A777B /* PBXTargetDependency */ = {
			isa = PBXTargetDependency;
			target = 34CB2521E754B6947DB429DB /* BeatWeave */;
			targetProxy = 59134E72BAC58EFDAF1C23F5 /* PBXContainerItemProxy */;
		};
/* End PBXTargetDependency section */

/* Begin XCBuildConfiguration section */
		10963CD3DDD313DCA8B90C7B /* Release */ = {
			isa = XCBuildConfiguration;
			buildSettings = {
				BUNDLE_LOADER = "$(TEST_HOST)";
				COMBINE_HIDPI_IMAGES = YES;
				GENERATE_INFOPLIST_FILE = YES;
				LD_RUNPATH_SEARCH_PATHS = (
					"$(inherited)",
					"@executable_path/../Frameworks",
					"@loader_path/../Frameworks",
				);
				PRODUCT_BUNDLE_IDENTIFIER = com.taoking.BeatWeaveTests;
				SDKROOT = macosx;
				TEST_HOST = "$(BUILT_PRODUCTS_DIR)/BeatWeave.app/Contents/MacOS/BeatWeave";
			};
			name = Release;
		};
		1EFC81AC7092A856971DFA42 /* Release */ = {
			isa = XCBuildConfiguration;
			buildSettings = {
				ALWAYS_SEARCH_USER_PATHS = NO;
				CLANG_ANALYZER_NONNULL = YES;
				CLANG_ANALYZER_NUMBER_OBJECT_CONVERSION = YES_AGGRESSIVE;
				CLANG_CXX_LANGUAGE_STANDARD = "gnu++14";
				CLANG_CXX_LIBRARY = "libc++";
				CLANG_ENABLE_MODULES = YES;
				CLANG_ENABLE_OBJC_ARC = YES;
				CLANG_ENABLE_OBJC_WEAK = YES;
				CLANG_WARN_BLOCK_CAPTURE_AUTORELEASING = YES;
				CLANG_WARN_BOOL_CONVERSION = YES;
				CLANG_WARN_COMMA = YES;
				CLANG_WARN_CONSTANT_CONVERSION = YES;
				CLANG_WARN_DEPRECATED_OBJC_IMPLEMENTATIONS = YES;
				CLANG_WARN_DIRECT_OBJC_ISA_USAGE = YES_ERROR;
				CLANG_WARN_DOCUMENTATION_COMMENTS = YES;
				CLANG_WARN_EMPTY_BODY = YES;
				CLANG_WARN_ENUM_CONVERSION = YES;
				CLANG_WARN_INFINITE_RECURSION = YES;
				CLANG_WARN_INT_CONVERSION = YES;
				CLANG_WARN_NON_LITERAL_NULL_CONVERSION = YES;
				CLANG_WARN_OBJC_IMPLICIT_RETAIN_SELF = YES;
				CLANG_WARN_OBJC_LITERAL_CONVERSION = YES;
				CLANG_WARN_OBJC_ROOT_CLASS = YES_ERROR;
				CLANG_WARN_QUOTED_INCLUDE_IN_FRAMEWORK_HEADER = YES;
				CLANG_WARN_RANGE_LOOP_ANALYSIS = YES;
				CLANG_WARN_STRICT_PROTOTYPES = YES;
				CLANG_WARN_SUSPICIOUS_MOVE = YES;
				CLANG_WARN_UNGUARDED_AVAILABILITY = YES_AGGRESSIVE;
				CLANG_WARN_UNREACHABLE_CODE = YES;
				CLANG_WARN__DUPLICATE_METHOD_MATCH = YES;
				COPY_PHASE_STRIP = NO;
				CURRENT_PROJECT_VERSION = 1;
				DEBUG_INFORMATION_FORMAT = "dwarf-with-dsym";
				ENABLE_NS_ASSERTIONS = NO;
				ENABLE_STRICT_OBJC_MSGSEND = YES;
				GCC_C_LANGUAGE_STANDARD = gnu11;
				GCC_NO_COMMON_BLOCKS = YES;
				GCC_WARN_64_TO_32_BIT_CONVERSION = YES;
				GCC_WARN_ABOUT_RETURN_TYPE = YES_ERROR;
				GCC_WARN_UNDECLARED_SELECTOR = YES;
				GCC_WARN_UNINITIALIZED_AUTOS = YES_AGGRESSIVE;
				GCC_WARN_UNUSED_FUNCTION = YES;
				GCC_WARN_UNUSED_VARIABLE = YES;
				MACOSX_DEPLOYMENT_TARGET = 27.0;
				MARKETING_VERSION = 0.1.0;
				MTL_ENABLE_DEBUG_INFO = NO;
				MTL_FAST_MATH = YES;
				PRODUCT_NAME = "$(TARGET_NAME)";
				SDKROOT = macosx;
				SWIFT_COMPILATION_MODE = wholemodule;
				SWIFT_OPTIMIZATION_LEVEL = "-O";
				SWIFT_STRICT_CONCURRENCY = complete;
				SWIFT_VERSION = 6.0;
			};
			name = Release;
		};
		2C469DD9462791103FFF8DC5 /* Debug */ = {
			isa = XCBuildConfiguration;
			buildSettings = {
				ASSETCATALOG_COMPILER_APPICON_NAME = AppIcon;
				CODE_SIGN_ENTITLEMENTS = BeatWeave/App/BeatWeave.entitlements;
				COMBINE_HIDPI_IMAGES = YES;
				GENERATE_INFOPLIST_FILE = NO;
				INFOPLIST_FILE = BeatWeave/App/Info.plist;
				LD_RUNPATH_SEARCH_PATHS = (
					"$(inherited)",
					"@executable_path/../Frameworks",
				);
				PRODUCT_BUNDLE_IDENTIFIER = com.taoking.BeatWeave;
				PRODUCT_NAME = BeatWeave;
				SDKROOT = macosx;
			};
			name = Debug;
		};
		658F6DAC40397AEF0AF2C4AA /* Debug */ = {
			isa = XCBuildConfiguration;
			buildSettings = {
				BUNDLE_LOADER = "$(TEST_HOST)";
				COMBINE_HIDPI_IMAGES = YES;
				GENERATE_INFOPLIST_FILE = YES;
				LD_RUNPATH_SEARCH_PATHS = (
					"$(inherited)",
					"@executable_path/../Frameworks",
					"@loader_path/../Frameworks",
				);
				PRODUCT_BUNDLE_IDENTIFIER = com.taoking.BeatWeaveTests;
				SDKROOT = macosx;
				TEST_HOST = "$(BUILT_PRODUCTS_DIR)/BeatWeave.app/Contents/MacOS/BeatWeave";
			};
			name = Debug;
		};
		A0091E40F5FB817ED91F9C94 /* Debug */ = {
			isa = XCBuildConfiguration;
			buildSettings = {
				ALWAYS_SEARCH_USER_PATHS = NO;
				CLANG_ANALYZER_NONNULL = YES;
				CLANG_ANALYZER_NUMBER_OBJECT_CONVERSION = YES_AGGRESSIVE;
				CLANG_CXX_LANGUAGE_STANDARD = "gnu++14";
				CLANG_CXX_LIBRARY = "libc++";
				CLANG_ENABLE_MODULES = YES;
				CLANG_ENABLE_OBJC_ARC = YES;
				CLANG_ENABLE_OBJC_WEAK = YES;
				CLANG_WARN_BLOCK_CAPTURE_AUTORELEASING = YES;
				CLANG_WARN_BOOL_CONVERSION = YES;
				CLANG_WARN_COMMA = YES;
				CLANG_WARN_CONSTANT_CONVERSION = YES;
				CLANG_WARN_DEPRECATED_OBJC_IMPLEMENTATIONS = YES;
				CLANG_WARN_DIRECT_OBJC_ISA_USAGE = YES_ERROR;
				CLANG_WARN_DOCUMENTATION_COMMENTS = YES;
				CLANG_WARN_EMPTY_BODY = YES;
				CLANG_WARN_ENUM_CONVERSION = YES;
				CLANG_WARN_INFINITE_RECURSION = YES;
				CLANG_WARN_INT_CONVERSION = YES;
				CLANG_WARN_NON_LITERAL_NULL_CONVERSION = YES;
				CLANG_WARN_OBJC_IMPLICIT_RETAIN_SELF = YES;
				CLANG_WARN_OBJC_LITERAL_CONVERSION = YES;
				CLANG_WARN_OBJC_ROOT_CLASS = YES_ERROR;
				CLANG_WARN_QUOTED_INCLUDE_IN_FRAMEWORK_HEADER = YES;
				CLANG_WARN_RANGE_LOOP_ANALYSIS = YES;
				CLANG_WARN_STRICT_PROTOTYPES = YES;
				CLANG_WARN_SUSPICIOUS_MOVE = YES;
				CLANG_WARN_UNGUARDED_AVAILABILITY = YES_AGGRESSIVE;
				CLANG_WARN_UNREACHABLE_CODE = YES;
				CLANG_WARN__DUPLICATE_METHOD_MATCH = YES;
				COPY_PHASE_STRIP = NO;
				CURRENT_PROJECT_VERSION = 1;
				DEBUG_INFORMATION_FORMAT = dwarf;
				ENABLE_STRICT_OBJC_MSGSEND = YES;
				ENABLE_TESTABILITY = YES;
				GCC_C_LANGUAGE_STANDARD = gnu11;
				GCC_DYNAMIC_NO_PIC = NO;
				GCC_NO_COMMON_BLOCKS = YES;
				GCC_OPTIMIZATION_LEVEL = 0;
				GCC_PREPROCESSOR_DEFINITIONS = (
					"$(inherited)",
					"DEBUG=1",
				);
				GCC_WARN_64_TO_32_BIT_CONVERSION = YES;
				GCC_WARN_ABOUT_RETURN_TYPE = YES_ERROR;
				GCC_WARN_UNDECLARED_SELECTOR = YES;
				GCC_WARN_UNINITIALIZED_AUTOS = YES_AGGRESSIVE;
				GCC_WARN_UNUSED_FUNCTION = YES;
				GCC_WARN_UNUSED_VARIABLE = YES;
				MACOSX_DEPLOYMENT_TARGET = 27.0;
				MARKETING_VERSION = 0.1.0;
				MTL_ENABLE_DEBUG_INFO = INCLUDE_SOURCE;
				MTL_FAST_MATH = YES;
				ONLY_ACTIVE_ARCH = YES;
				PRODUCT_NAME = "$(TARGET_NAME)";
				SDKROOT = macosx;
				SWIFT_ACTIVE_COMPILATION_CONDITIONS = DEBUG;
				SWIFT_OPTIMIZATION_LEVEL = "-Onone";
				SWIFT_STRICT_CONCURRENCY = complete;
				SWIFT_VERSION = 6.0;
			};
			name = Debug;
		};
		D140F0060CEC9179BE67AD8B /* Release */ = {
			isa = XCBuildConfiguration;
			buildSettings = {
				ASSETCATALOG_COMPILER_APPICON_NAME = AppIcon;
				CODE_SIGN_ENTITLEMENTS = BeatWeave/App/BeatWeave.entitlements;
				COMBINE_HIDPI_IMAGES = YES;
				GENERATE_INFOPLIST_FILE = NO;
				INFOPLIST_FILE = BeatWeave/App/Info.plist;
				LD_RUNPATH_SEARCH_PATHS = (
					"$(inherited)",
					"@executable_path/../Frameworks",
				);
				PRODUCT_BUNDLE_IDENTIFIER = com.taoking.BeatWeave;
				PRODUCT_NAME = BeatWeave;
				SDKROOT = macosx;
			};
			name = Release;
		};
/* End XCBuildConfiguration section */

/* Begin XCConfigurationList section */
		382EDF1B04B16A84A6C2AAFB /* Build configuration list for PBXProject "BeatWeave" */ = {
			isa = XCConfigurationList;
			buildConfigurations = (
				A0091E40F5FB817ED91F9C94 /* Debug */,
				1EFC81AC7092A856971DFA42 /* Release */,
			);
			defaultConfigurationIsVisible = 0;
			defaultConfigurationName = Debug;
		};
		55125D9BD97A94F5E532F6E7 /* Build configuration list for PBXNativeTarget "BeatWeaveTests" */ = {
			isa = XCConfigurationList;
			buildConfigurations = (
				658F6DAC40397AEF0AF2C4AA /* Debug */,
				10963CD3DDD313DCA8B90C7B /* Release */,
			);
			defaultConfigurationIsVisible = 0;
			defaultConfigurationName = Debug;
		};
		C0570143EA65E88B37C7B2C6 /* Build configuration list for PBXNativeTarget "BeatWeave" */ = {
			isa = XCConfigurationList;
			buildConfigurations = (
				2C469DD9462791103FFF8DC5 /* Debug */,
				D140F0060CEC9179BE67AD8B /* Release */,
			);
			defaultConfigurationIsVisible = 0;
			defaultConfigurationName = Debug;
		};
/* End XCConfigurationList section */
	};
	rootObject = 04ED86217EFEFF0C22CA32BE /* Project object */;
}
